
Microsoft Visual Studio Solution File, Format Version 12.00
# Visual Studio Version 16
VisualStudioVersion = 16.0.30804.86
MinimumVisualStudioVersion = 10.0.40219.1
Project("{9A19103F-16F7-4668-BE54-9A1E7A4F7556}") = "ChatworkSDK", "ChatworkSDK\ChatworkSDK.csproj", "{DDEC4468-1C0E-4C27-A284-113592357E6E}"
EndProject
Project("{2150E333-8FDC-42A3-9474-1A3956D46DE8}") = "Solution Items", "Solution Items", "{CE172515-A863-4526-8E18-C3FAF89C8DB6}"
	ProjectSection(SolutionItems) = preProject
		.editorconfig = .editorconfig
		README.md = README.md
	EndProjectSection
EndProject
Project("{FAE04EC0-301F-11D3-BF4B-00C04F79EFBC}") = "ChatworkSDK.test", "ChatworkSDK.test\ChatworkSDK.test.csproj", "{D43ABDD6-B4E1-4A57-AA28-02992A9DE93E}"
EndProject
Global
	GlobalSection(SolutionConfigurationPlatforms) = preSolution
		Debug|Any CPU = Debug|Any CPU
		Release|Any CPU = Release|Any CPU
	EndGlobalSection
	GlobalSection(ProjectConfigurationPlatforms) = postSolution
		{DDEC4468-1C0E-4C27-A284-113592357E6E}.Debug|Any CPU.ActiveCfg = Debug|Any CPU
		{DDEC4468-1C0E-4C27-A284-113592357E6E}.Debug|Any CPU.Build.0 = Debug|Any CPU
		{DDEC4468-1C0E-4C27-A284-113592357E6E}.Release|Any CPU.ActiveCfg = Release|Any CPU
		{DDEC4468-1C0E-4C27-A284-113592357E6E}.Release|Any CPU.Build.0 = Release|Any CPU
		{D43ABDD6-B4E1-4A57-AA28-02992A9DE93E}.Debug|Any CPU.ActiveCfg = Debug|Any CPU
		{D43ABDD6-B4E1-4A57-AA28-02992A9DE93E}.Debug|Any CPU.Build.0 = Debug|Any CPU
		{D43ABDD6-B4E1-4A57-AA28-02992A9DE93E}.Release|Any CPU.ActiveCfg = Release|Any CPU
		{D43ABDD6-B4E1-4A57-AA28-02992A9DE93E}.Release|Any CPU.Build.0 = Release|Any CPU
	EndGlobalSection
	GlobalSection(SolutionProperties) = preSolution
		HideSolutionNode = FALSE
	EndGlobalSection
	GlobalSection(ExtensibilityGlobals) = postSolution
		SolutionGuid = {B2B0EBB2-579D-47CB-80D7-C2541540A68A}
	EndGlobalSection
EndGlobal
